<?xml version="1.0" encoding="utf-8"?>
<Project ToolsVersion="4.0" xmlns="http://schemas.microsoft.com/developer/msbuild/2003">
  <ItemGroup>
    <ClCompile Include="..\..\..\addons\ofxThread\src\ofxThread.cpp">
      <Filter>addons\ofxThread\src</Filter>
    </ClCompile>
    <ClCompile Include="..\..\..\addons\ofxNetwork\src\ofxTCPClient.cpp">
      <Filter>addons\ofxNetwork\src</Filter>
    </ClCompile>
    <ClCompile Include="..\..\..\addons\ofxNetwork\src\ofxTCPManager.cpp">
      <Filter>addons\ofxNetwork\src</Filter>
    </ClCompile>
    <ClCompile Include="..\..\..\addons\ofxNetwork\src\ofxTCPServer.cpp">
      <Filter>addons\ofxNetwork\src</Filter>
    </ClCompile>
    <ClCompile Include="..\..\..\addons\ofxNetwork\src\ofxUDPManager.cpp">
      <Filter>addons\ofxNetwork\src</Filter>
    </ClCompile>
    <ClCompile Include="src\main.cpp">
      <Filter>Source Files</Filter>
    </ClCompile>
    <ClCompile Include="src\testApp.cpp">
      <Filter>Source Files</Filter>
    </ClCompile>
    <ClCompile Include="src\addons\ofxShader\addons\ofxFBOTexture.cpp">
      <Filter>addons\addons</Filter>
    </ClCompile>
    <ClCompile Include="src\addons\ofxShader\addons\ofxShader.cpp">
      <Filter>addons\addons</Filter>
    </ClCompile>
    <ClCompile Include="src\addons\ofxShader\examples\shaderBlur.cpp">
      <Filter>addons\examples</Filter>
    </ClCompile>
    <ClCompile Include="src\button.cpp">
      <Filter>Source Files</Filter>
    </ClCompile>
    <ClCompile Include="src\conference.cpp">
      <Filter>Source Files</Filter>
    </ClCompile>
    <ClCompile Include="src\gesture.cpp">
      <Filter>Source Files</Filter>
    </ClCompile>
    <ClCompile Include="src\grabVideo.cpp">
      <Filter>Source Files</Filter>
    </ClCompile>
    <ClCompile Include="src\SketchShareView.cpp">
      <Filter>Source Files</Filter>
    </ClCompile>
    <ClCompile Include="src\slider.cpp">
      <Filter>Source Files</Filter>
    </ClCompile>
    <ClCompile Include="src\stdafx.cpp">
      <Filter>Source Files</Filter>
    </ClCompile>
    <ClCompile Include="src\talkBubble.cpp">
      <Filter>Source Files</Filter>
    </ClCompile>
    <ClCompile Include="src\webRender.cpp">
      <Filter>Source Files</Filter>
    </ClCompile>
    <ClCompile Include="src\ofxKinectPlayer.cpp">
      <Filter>Source Files</Filter>
    </ClCompile>
    <ClCompile Include="src\ofxKinectRecorder.cpp">
      <Filter>Source Files</Filter>
    </ClCompile>
    <ClCompile Include="src\recordAndReplay.cpp">
      <Filter>Source Files</Filter>
    </ClCompile>
    <ClCompile Include="src\Sample.cpp">
      <Filter>Source Files</Filter>
    </ClCompile>
    <ClCompile Include="src\tags.cpp">
      <Filter>Source Files</Filter>
    </ClCompile>
  </ItemGroup>
  <ItemGroup>
    <ClInclude Include="..\..\..\addons\ofxThread\src\ofxThread.h">
      <Filter>addons\ofxThread\src</Filter>
    </ClInclude>
    <ClInclude Include="..\..\..\addons\ofxNetwork\src\ofxUDPManager.h">
      <Filter>addons\ofxNetwork\src</Filter>
    </ClInclude>
    <ClInclude Include="..\..\..\addons\ofxNetwork\src\ofxNetwork.h">
      <Filter>addons\ofxNetwork\src</Filter>
    </ClInclude>
    <ClInclude Include="..\..\..\addons\ofxNetwork\src\ofxTCPClient.h">
      <Filter>addons\ofxNetwork\src</Filter>
    </ClInclude>
    <ClInclude Include="..\..\..\addons\ofxNetwork\src\ofxTCPManager.h">
      <Filter>addons\ofxNetwork\src</Filter>
    </ClInclude>
    <ClInclude Include="..\..\..\addons\ofxNetwork\src\ofxTCPServer.h">
      <Filter>addons\ofxNetwork\src</Filter>
    </ClInclude>
    <ClInclude Include="src\testApp.h">
      <Filter>Header Files</Filter>
    </ClInclude>
    <ClInclude Include="src\addons\ofxShader\addons\ofxFBOTexture.h">
      <Filter>addons\addons</Filter>
    </ClInclude>
    <ClInclude Include="src\addons\ofxShader\addons\ofxShader.h">
      <Filter>addons\addons</Filter>
    </ClInclude>
    <ClInclude Include="src\addons\ofxShader\examples\shaderBlur.h">
      <Filter>addons\examples</Filter>
    </ClInclude>
    <ClInclude Include="src\button.h">
      <Filter>Header Files</Filter>
    </ClInclude>
    <ClInclude Include="src\conference.h">
      <Filter>Header Files</Filter>
    </ClInclude>
    <ClInclude Include="src\eventsObject.h">
      <Filter>Header Files</Filter>
    </ClInclude>
    <ClInclude Include="src\gesture.h">
      <Filter>Header Files</Filter>
    </ClInclude>
    <ClInclude Include="src\grabVideo.h">
      <Filter>Header Files</Filter>
    </ClInclude>
    <ClInclude Include="src\menuSelection.h">
      <Filter>Header Files</Filter>
    </ClInclude>
    <ClInclude Include="src\Resource.h">
      <Filter>Header Files</Filter>
    </ClInclude>
    <ClInclude Include="src\SketchShareView.h">
      <Filter>Header Files</Filter>
    </ClInclude>
    <ClInclude Include="src\slider.h">
      <Filter>Header Files</Filter>
    </ClInclude>
    <ClInclude Include="src\stdafx.h">
      <Filter>Header Files</Filter>
    </ClInclude>
    <ClInclude Include="src\talkBubble.h">
      <Filter>Header Files</Filter>
    </ClInclude>
    <ClInclude Include="src\targetver.h">
      <Filter>Header Files</Filter>
    </ClInclude>
    <ClInclude Include="src\webRender.h">
      <Filter>Header Files</Filter>
    </ClInclude>
    <ClInclude Include="src\ofxBase3DVideo.h">
      <Filter>Header Files</Filter>
    </ClInclude>
    <ClInclude Include="src\ofxKinectPlayer.h">
      <Filter>Header Files</Filter>
    </ClInclude>
    <ClInclude Include="src\ofxKinectRecorder.h">
      <Filter>Header Files</Filter>
    </ClInclude>
    <ClInclude Include="src\recordAndReplay.h">
      <Filter>Header Files</Filter>
    </ClInclude>
    <ClInclude Include="src\Sample.h">
      <Filter>Header Files</Filter>
    </ClInclude>
    <ClInclude Include="src\tags.h">
      <Filter>Header Files</Filter>
    </ClInclude>
  </ItemGroup>
  <ItemGroup>
    <Filter Include="addons">
      <UniqueIdentifier>{d79abca0-5b91-4000-9e03-3b535f96d5b9}</UniqueIdentifier>
    </Filter>
    <Filter Include="addons\ofxNetwork">
      <UniqueIdentifier>{1c7bb1b0-9ed3-4f3b-a662-e17f9aaffbbf}</UniqueIdentifier>
    </Filter>
    <Filter Include="addons\ofxThread">
      <UniqueIdentifier>{41ca78c6-26dd-454d-b5a6-d53fd9f1440e}</UniqueIdentifier>
    </Filter>
    <Filter Include="addons\ofxThread\src">
      <UniqueIdentifier>{3c1294d2-dfbf-4279-9543-3bf672b99775}</UniqueIdentifier>
    </Filter>
    <Filter Include="addons\ofxNetwork\src">
      <UniqueIdentifier>{526df9d7-c9b8-47b9-a5d8-0bd0f7abfabf}</UniqueIdentifier>
    </Filter>
    <Filter Include="Header Files">
      <UniqueIdentifier>{4402ea3c-56e6-429d-a1cd-e50e9b0cef77}</UniqueIdentifier>
      <Extensions>h;hpp;hxx;hm;inl;inc;xsd</Extensions>
    </Filter>
    <Filter Include="Source Files">
      <UniqueIdentifier>{86b77b63-6c74-4bb1-bfd5-4fdf0d419418}</UniqueIdentifier>
      <Extensions>cpp;c;cc;cxx;def;odl;idl;hpj;bat;asm;asmx</Extensions>
    </Filter>
    <Filter Include="addons\addons">
      <UniqueIdentifier>{d57c7e9d-eb28-4d29-9da1-3ddc2890954b}</UniqueIdentifier>
    </Filter>
    <Filter Include="addons\examples">
      <UniqueIdentifier>{6943515b-532f-4232-83c1-aefb2c3a8253}</UniqueIdentifier>
    </Filter>
  </ItemGroup>
</Project>